
Microsoft Visual Studio Solution File, Format Version 12.00
# Visual Studio Version 16
VisualStudioVersion = 16.0.32106.194
MinimumVisualStudioVersion = 10.0.40219.1
Project("{FAE04EC0-301F-11D3-BF4B-00C04F79EFBC}") = "Pizzaria", "Pizzaria\Pizzaria.csproj", "{5E2BAD27-2FF8-42BB-9D67-C432B4B2303F}"
EndProject
Global
	GlobalSection(SolutionConfigurationPlatforms) = preSolution
		Debug|Any CPU = Debug|Any CPU
		Release|Any CPU = Release|Any CPU
	EndGlobalSection
	GlobalSection(ProjectConfigurationPlatforms) = postSolution
		{5E2BAD27-2FF8-42BB-9D67-C432B4B2303F}.Debug|Any CPU.ActiveCfg = Debug|Any CPU
		{5E2BAD27-2FF8-42BB-9D67-C432B4B2303F}.Debug|Any CPU.Build.0 = Debug|Any CPU
		{5E2BAD27-2FF8-42BB-9D67-C432B4B2303F}.Release|Any CPU.ActiveCfg = Release|Any CPU
		{5E2BAD27-2FF8-42BB-9D67-C432B4B2303F}.Release|Any CPU.Build.0 = Release|Any CPU
	EndGlobalSection
	GlobalSection(SolutionProperties) = preSolution
		HideSolutionNode = FALSE
	EndGlobalSection
	GlobalSection(ExtensibilityGlobals) = postSolution
		SolutionGuid = {58EB603F-D514-4012-AA98-957B120C97C5}
	EndGlobalSection
EndGlobal
